
Microsoft Visual Studio Solution File, Format Version 12.00
# Visual Studio Version 16
VisualStudioVersion = 16.0.31205.134
MinimumVisualStudioVersion = 10.0.40219.1
Project("{FAE04EC0-301F-11D3-BF4B-00C04F79EFBC}") = "Project_SPA", "Project_SPA\Project_SPA.csproj", "{E617CD3F-4FB9-4612-A22A-F73ED76DD9AB}"
EndProject
Global
	GlobalSection(SolutionConfigurationPlatforms) = preSolution
		Debug|Any CPU = Debug|Any CPU
		Release|Any CPU = Release|Any CPU
	EndGlobalSection
	GlobalSection(ProjectConfigurationPlatforms) = postSolution
		{E617CD3F-4FB9-4612-A22A-F73ED76DD9AB}.Debug|Any CPU.ActiveCfg = Debug|Any CPU
		{E617CD3F-4FB9-4612-A22A-F73ED76DD9AB}.Debug|Any CPU.Build.0 = Debug|Any CPU
		{E617CD3F-4FB9-4612-A22A-F73ED76DD9AB}.Release|Any CPU.ActiveCfg = Release|Any CPU
		{E617CD3F-4FB9-4612-A22A-F73ED76DD9AB}.Release|Any CPU.Build.0 = Release|Any CPU
	EndGlobalSection
	GlobalSection(SolutionProperties) = preSolution
		HideSolutionNode = FALSE
	EndGlobalSection
	GlobalSection(ExtensibilityGlobals) = postSolution
		SolutionGuid = {CECA8185-6E5E-4186-8A2D-66E9FCB9092D}
	EndGlobalSection
EndGlobal
